
Microsoft Visual Studio Solution File, Format Version 12.00
# Visual Studio 14
VisualStudioVersion = 14.0.25420.1
MinimumVisualStudioVersion = 10.0.40219.1
Project("{FAE04EC0-301F-11D3-BF4B-00C04F79EFBC}") = "MQTTClientTest1", "MQTTClientTest1\MQTTClientTest1.csproj", "{EC760C50-32B3-4D50-AD47-C74879FE6940}"
EndProject
Project("{FAE04EC0-301F-11D3-BF4B-00C04F79EFBC}") = "toinen", "toinen\toinen.csproj", "{F2A456D9-0ECF-4867-9121-9501600DC505}"
EndProject
Project("{FAE04EC0-301F-11D3-BF4B-00C04F79EFBC}") = "Sub", "Sub\Sub.csproj", "{EA2A4BAD-0F03-46D9-A756-5F8C8DF00A5C}"
EndProject
Global
	GlobalSection(SolutionConfigurationPlatforms) = preSolution
		Debug|Any CPU = Debug|Any CPU
		Release|Any CPU = Release|Any CPU
	EndGlobalSection
	GlobalSection(ProjectConfigurationPlatforms) = postSolution
		{EC760C50-32B3-4D50-AD47-C74879FE6940}.Debug|Any CPU.ActiveCfg = Debug|Any CPU
		{EC760C50-32B3-4D50-AD47-C74879FE6940}.Debug|Any CPU.Build.0 = Debug|Any CPU
		{EC760C50-32B3-4D50-AD47-C74879FE6940}.Release|Any CPU.ActiveCfg = Release|Any CPU
		{EC760C50-32B3-4D50-AD47-C74879FE6940}.Release|Any CPU.Build.0 = Release|Any CPU
		{F2A456D9-0ECF-4867-9121-9501600DC505}.Debug|Any CPU.ActiveCfg = Debug|Any CPU
		{F2A456D9-0ECF-4867-9121-9501600DC505}.Debug|Any CPU.Build.0 = Debug|Any CPU
		{F2A456D9-0ECF-4867-9121-9501600DC505}.Release|Any CPU.ActiveCfg = Release|Any CPU
		{F2A456D9-0ECF-4867-9121-9501600DC505}.Release|Any CPU.Build.0 = Release|Any CPU
		{EA2A4BAD-0F03-46D9-A756-5F8C8DF00A5C}.Debug|Any CPU.ActiveCfg = Debug|Any CPU
		{EA2A4BAD-0F03-46D9-A756-5F8C8DF00A5C}.Debug|Any CPU.Build.0 = Debug|Any CPU
		{EA2A4BAD-0F03-46D9-A756-5F8C8DF00A5C}.Release|Any CPU.ActiveCfg = Release|Any CPU
		{EA2A4BAD-0F03-46D9-A756-5F8C8DF00A5C}.Release|Any CPU.Build.0 = Release|Any CPU
	EndGlobalSection
	GlobalSection(SolutionProperties) = preSolution
		HideSolutionNode = FALSE
	EndGlobalSection
EndGlobal
